
Microsoft Visual Studio Solution File, Format Version 12.00
# Visual Studio Version 17
VisualStudioVersion = 17.8.34322.80
MinimumVisualStudioVersion = 10.0.40219.1
Project("{FAE04EC0-301F-11D3-BF4B-00C04F79EFBC}") = "SignalRChat.Server", "..\SignalRChat.Server\SignalRChat.Server.csproj", "{7D520D3E-5672-4B73-A22E-1DD913A5764A}"
EndProject
Project("{FAE04EC0-301F-11D3-BF4B-00C04F79EFBC}") = "SignalR-Chat", "..\SignalR-Chat\SignalR-Chat.csproj", "{296B41E3-80EA-485B-831A-1F3DA76313D0}"
EndProject
Global
	GlobalSection(SolutionConfigurationPlatforms) = preSolution
		Debug|Any CPU = Debug|Any CPU
		Release|Any CPU = Release|Any CPU
	EndGlobalSection
	GlobalSection(ProjectConfigurationPlatforms) = postSolution
		{7D520D3E-5672-4B73-A22E-1DD913A5764A}.Debug|Any CPU.ActiveCfg = Debug|Any CPU
		{7D520D3E-5672-4B73-A22E-1DD913A5764A}.Debug|Any CPU.Build.0 = Debug|Any CPU
		{7D520D3E-5672-4B73-A22E-1DD913A5764A}.Release|Any CPU.ActiveCfg = Release|Any CPU
		{7D520D3E-5672-4B73-A22E-1DD913A5764A}.Release|Any CPU.Build.0 = Release|Any CPU
		{296B41E3-80EA-485B-831A-1F3DA76313D0}.Debug|Any CPU.ActiveCfg = Debug|Any CPU
		{296B41E3-80EA-485B-831A-1F3DA76313D0}.Debug|Any CPU.Build.0 = Debug|Any CPU
		{296B41E3-80EA-485B-831A-1F3DA76313D0}.Release|Any CPU.ActiveCfg = Release|Any CPU
		{296B41E3-80EA-485B-831A-1F3DA76313D0}.Release|Any CPU.Build.0 = Release|Any CPU
	EndGlobalSection
	GlobalSection(SolutionProperties) = preSolution
		HideSolutionNode = FALSE
	EndGlobalSection
	GlobalSection(ExtensibilityGlobals) = postSolution
		SolutionGuid = {76CED104-A73F-422E-B240-8D5FB50489EC}
	EndGlobalSection
EndGlobal
